
Microsoft Visual Studio Solution File, Format Version 12.00
# Visual Studio Version 17
VisualStudioVersion = 17.7.34024.191
MinimumVisualStudioVersion = 10.0.40219.1
Project("{8BC9CEB8-8B4A-11D0-8D11-00A0C91BC942}") = "FirstProject", "FirstProject\FirstProject.vcxproj", "{963F4D3E-01ED-4380-8636-D95EC2E5BB66}"
EndProject
Project("{8BC9CEB8-8B4A-11D0-8D11-00A0C91BC942}") = "TasksWithVariables", "TasksWithVariables\TasksWithVariables.vcxproj", "{79C9F8F5-109E-4534-98C2-0084285920E6}"
EndProject
Project("{2150E333-8FDC-42A3-9474-1A3956D46DE8}") = "01.podstawy programowania", "01.podstawy programowania", "{A5ACA2DD-425B-4990-A2F2-0D08A5E6A12D}"
EndProject
Project("{2150E333-8FDC-42A3-9474-1A3956D46DE8}") = "02.instrukcje warunkowe", "02.instrukcje warunkowe", "{940B405E-7F46-4D52-A1C2-CCFE5924800F}"
EndProject
Project("{8BC9CEB8-8B4A-11D0-8D11-00A0C91BC942}") = "DesisionInstruction", "DesisionInstruction\DesisionInstruction.vcxproj", "{E83EA719-3532-41E3-B953-CAE260DEEB39}"
EndProject
Project("{8BC9CEB8-8B4A-11D0-8D11-00A0C91BC942}") = "LoopInstructions", "LoopInstructions\LoopInstructions.vcxproj", "{558EAFEF-A0D6-48EE-BE06-5540C0FB40E6}"
EndProject
Project("{2150E333-8FDC-42A3-9474-1A3956D46DE8}") = "03.Zadania", "03.Zadania", "{64982CC1-7EF0-4B9B-A928-A20FEDF78D7E}"
EndProject
Project("{8BC9CEB8-8B4A-11D0-8D11-00A0C91BC942}") = "LotOfTasks", "LotOfTasks\LotOfTasks.vcxproj", "{B2CA71E7-D17B-4CA4-942B-7C9674782CD1}"
EndProject
Project("{2150E333-8FDC-42A3-9474-1A3956D46DE8}") = "04.Funkcje", "04.Funkcje", "{43423085-49E3-492A-B2CC-D98D918D325E}"
EndProject
Project("{8BC9CEB8-8B4A-11D0-8D11-00A0C91BC942}") = "PESELconsoleAplication", "PESELconsoleAplication\PESELconsoleAplication.vcxproj", "{823FF87E-57E7-4CFC-973A-7609F4CAA029}"
EndProject
Project("{2150E333-8FDC-42A3-9474-1A3956D46DE8}") = "05. Tabele", "05. Tabele", "{23B39872-8831-4379-8A26-D69885B2ADE1}"
EndProject
Project("{8BC9CEB8-8B4A-11D0-8D11-00A0C91BC942}") = "TableConsoleApp", "TableConsoleApp\TableConsoleApp.vcxproj", "{29C8708A-5CC5-45AB-A90E-8AA34FFAF48A}"
EndProject
Project("{2150E333-8FDC-42A3-9474-1A3956D46DE8}") = "06. Struktury", "06. Struktury", "{4394C7A6-FB4E-4B3A-8733-510A0E4B6A39}"
EndProject
Project("{8BC9CEB8-8B4A-11D0-8D11-00A0C91BC942}") = "StructConsoleApplication", "StructConsoleApplication\StructConsoleApplication.vcxproj", "{DA7DAFCA-DC5A-408E-A925-E2F369BD15CB}"
EndProject
Project("{2150E333-8FDC-42A3-9474-1A3956D46DE8}") = "09. Biblioteka", "09. Biblioteka", "{F46E5F5E-F1C2-4344-A9EE-A68BAEEF715D}"
EndProject
Project("{8BC9CEB8-8B4A-11D0-8D11-00A0C91BC942}") = "LibraryConsoleAplication", "LibraryConsoleAplication\LibraryConsoleAplication.vcxproj", "{F6F2A990-6A04-4597-AA85-7736D81CF462}"
EndProject
Project("{2150E333-8FDC-42A3-9474-1A3956D46DE8}") = "07. Wskaźniki", "07. Wskaźniki", "{F24A3CA7-AFC9-461A-BD6E-8691F913D69E}"
EndProject
Project("{8BC9CEB8-8B4A-11D0-8D11-00A0C91BC942}") = "PointersConsoleApplication", "PointersConsoleApplication\PointersConsoleApplication.vcxproj", "{AC22D7F3-4C86-41EC-AC04-D035F5723C3C}"
EndProject
Project("{2150E333-8FDC-42A3-9474-1A3956D46DE8}") = "08. TicTacToe", "08. TicTacToe", "{2AB24882-D012-48A7-A61E-4B09A5D555DC}"
EndProject
Project("{8BC9CEB8-8B4A-11D0-8D11-00A0C91BC942}") = "TicTacToeConsoleApplication", "TicTacToeConsoleApplication\TicTacToeConsoleApplication.vcxproj", "{6A2B50C2-1D8A-42B6-9D82-7B77B2497B48}"
EndProject
Project("{8BC9CEB8-8B4A-11D0-8D11-00A0C91BC942}") = "FunctionApp", "FunctionApp\FunctionApp.vcxproj", "{665F002F-F29C-43D3-BDC1-270DD904BC92}"
EndProject
Project("{2150E333-8FDC-42A3-9474-1A3956D46DE8}") = "Programowanie struktóralne", "Programowanie struktóralne", "{D62ACD22-00E6-404C-878F-EFE8BC7E794A}"
EndProject
Project("{2150E333-8FDC-42A3-9474-1A3956D46DE8}") = "Programowanie obiektowe", "Programowanie obiektowe", "{9839C62F-7A11-4ED3-B3AF-85D3F41BCEA2}"
EndProject
Project("{2150E333-8FDC-42A3-9474-1A3956D46DE8}") = "01. Podstawy obiektów", "01. Podstawy obiektów", "{C6C07078-00B2-4D6B-B697-D1D49975AF48}"
EndProject
Project("{8BC9CEB8-8B4A-11D0-8D11-00A0C91BC942}") = "FirstObjectConsoleApp", "FirstObjectConsoleApp\FirstObjectConsoleApp.vcxproj", "{61349A1D-D098-4BFA-80A1-66E89D2EF4C0}"
EndProject
Project("{8BC9CEB8-8B4A-11D0-8D11-00A0C91BC942}") = "FirstOjectTaskConsoleApplication", "FirstOjectTaskConsoleApplication\FirstOjectTaskConsoleApplication.vcxproj", "{8C0D333A-2221-49F1-B9FA-B130AAB9C791}"
EndProject
Project("{2150E333-8FDC-42A3-9474-1A3956D46DE8}") = "02. Dziedziczenie", "02. Dziedziczenie", "{4613F169-CC5C-4FD2-9650-A5ED7DCFDE5C}"
EndProject
Project("{8BC9CEB8-8B4A-11D0-8D11-00A0C91BC942}") = "InheritanceConsoleApplication", "InheritanceConsoleApplication\InheritanceConsoleApplication.vcxproj", "{86B6408A-EC80-4635-822D-84360453CF57}"
EndProject
Project("{8BC9CEB8-8B4A-11D0-8D11-00A0C91BC942}") = "GeometryConsoleApplication", "GeometryConsoleApplication\GeometryConsoleApplication.vcxproj", "{AD9003EB-F20E-405C-B567-2AB325AE34E9}"
EndProject
Project("{2150E333-8FDC-42A3-9474-1A3956D46DE8}") = "03. Objeckt tasks", "03. Objeckt tasks", "{55EA1842-A5BE-446D-9198-ADA04460403E}"
EndProject
Project("{8BC9CEB8-8B4A-11D0-8D11-00A0C91BC942}") = "ObjectTasksConsoleApplication", "ObjectTasksConsoleApplication\ObjectTasksConsoleApplication.vcxproj", "{1215D89B-C7E5-4AA4-BDC0-08435825C9E3}"
EndProject
Global
	GlobalSection(SolutionConfigurationPlatforms) = preSolution
		Debug|x64 = Debug|x64
		Debug|x86 = Debug|x86
		Release|x64 = Release|x64
		Release|x86 = Release|x86
	EndGlobalSection
	GlobalSection(ProjectConfigurationPlatforms) = postSolution
		{963F4D3E-01ED-4380-8636-D95EC2E5BB66}.Debug|x64.ActiveCfg = Debug|x64
		{963F4D3E-01ED-4380-8636-D95EC2E5BB66}.Debug|x64.Build.0 = Debug|x64
		{963F4D3E-01ED-4380-8636-D95EC2E5BB66}.Debug|x86.ActiveCfg = Debug|Win32
		{963F4D3E-01ED-4380-8636-D95EC2E5BB66}.Debug|x86.Build.0 = Debug|Win32
		{963F4D3E-01ED-4380-8636-D95EC2E5BB66}.Release|x64.ActiveCfg = Release|x64
		{963F4D3E-01ED-4380-8636-D95EC2E5BB66}.Release|x64.Build.0 = Release|x64
		{963F4D3E-01ED-4380-8636-D95EC2E5BB66}.Release|x86.ActiveCfg = Release|Win32
		{963F4D3E-01ED-4380-8636-D95EC2E5BB66}.Release|x86.Build.0 = Release|Win32
		{79C9F8F5-109E-4534-98C2-0084285920E6}.Debug|x64.ActiveCfg = Debug|x64
		{79C9F8F5-109E-4534-98C2-0084285920E6}.Debug|x64.Build.0 = Debug|x64
		{79C9F8F5-109E-4534-98C2-0084285920E6}.Debug|x86.ActiveCfg = Debug|Win32
		{79C9F8F5-109E-4534-98C2-0084285920E6}.Debug|x86.Build.0 = Debug|Win32
		{79C9F8F5-109E-4534-98C2-0084285920E6}.Release|x64.ActiveCfg = Release|x64
		{79C9F8F5-109E-4534-98C2-0084285920E6}.Release|x64.Build.0 = Release|x64
		{79C9F8F5-109E-4534-98C2-0084285920E6}.Release|x86.ActiveCfg = Release|Win32
		{79C9F8F5-109E-4534-98C2-0084285920E6}.Release|x86.Build.0 = Release|Win32
		{E83EA719-3532-41E3-B953-CAE260DEEB39}.Debug|x64.ActiveCfg = Debug|x64
		{E83EA719-3532-41E3-B953-CAE260DEEB39}.Debug|x64.Build.0 = Debug|x64
		{E83EA719-3532-41E3-B953-CAE260DEEB39}.Debug|x86.ActiveCfg = Debug|Win32
		{E83EA719-3532-41E3-B953-CAE260DEEB39}.Debug|x86.Build.0 = Debug|Win32
		{E83EA719-3532-41E3-B953-CAE260DEEB39}.Release|x64.ActiveCfg = Release|x64
		{E83EA719-3532-41E3-B953-CAE260DEEB39}.Release|x64.Build.0 = Release|x64
		{E83EA719-3532-41E3-B953-CAE260DEEB39}.Release|x86.ActiveCfg = Release|Win32
		{E83EA719-3532-41E3-B953-CAE260DEEB39}.Release|x86.Build.0 = Release|Win32
		{558EAFEF-A0D6-48EE-BE06-5540C0FB40E6}.Debug|x64.ActiveCfg = Debug|x64
		{558EAFEF-A0D6-48EE-BE06-5540C0FB40E6}.Debug|x64.Build.0 = Debug|x64
		{558EAFEF-A0D6-48EE-BE06-5540C0FB40E6}.Debug|x86.ActiveCfg = Debug|Win32
		{558EAFEF-A0D6-48EE-BE06-5540C0FB40E6}.Debug|x86.Build.0 = Debug|Win32
		{558EAFEF-A0D6-48EE-BE06-5540C0FB40E6}.Release|x64.ActiveCfg = Release|x64
		{558EAFEF-A0D6-48EE-BE06-5540C0FB40E6}.Release|x64.Build.0 = Release|x64
		{558EAFEF-A0D6-48EE-BE06-5540C0FB40E6}.Release|x86.ActiveCfg = Release|Win32
		{558EAFEF-A0D6-48EE-BE06-5540C0FB40E6}.Release|x86.Build.0 = Release|Win32
		{B2CA71E7-D17B-4CA4-942B-7C9674782CD1}.Debug|x64.ActiveCfg = Debug|x64
		{B2CA71E7-D17B-4CA4-942B-7C9674782CD1}.Debug|x64.Build.0 = Debug|x64
		{B2CA71E7-D17B-4CA4-942B-7C9674782CD1}.Debug|x86.ActiveCfg = Debug|Win32
		{B2CA71E7-D17B-4CA4-942B-7C9674782CD1}.Debug|x86.Build.0 = Debug|Win32
		{B2CA71E7-D17B-4CA4-942B-7C9674782CD1}.Release|x64.ActiveCfg = Release|x64
		{B2CA71E7-D17B-4CA4-942B-7C9674782CD1}.Release|x64.Build.0 = Release|x64
		{B2CA71E7-D17B-4CA4-942B-7C9674782CD1}.Release|x86.ActiveCfg = Release|Win32
		{B2CA71E7-D17B-4CA4-942B-7C9674782CD1}.Release|x86.Build.0 = Release|Win32
		{823FF87E-57E7-4CFC-973A-7609F4CAA029}.Debug|x64.ActiveCfg = Debug|x64
		{823FF87E-57E7-4CFC-973A-7609F4CAA029}.Debug|x64.Build.0 = Debug|x64
		{823FF87E-57E7-4CFC-973A-7609F4CAA029}.Debug|x86.ActiveCfg = Debug|Win32
		{823FF87E-57E7-4CFC-973A-7609F4CAA029}.Debug|x86.Build.0 = Debug|Win32
		{823FF87E-57E7-4CFC-973A-7609F4CAA029}.Release|x64.ActiveCfg = Release|x64
		{823FF87E-57E7-4CFC-973A-7609F4CAA029}.Release|x64.Build.0 = Release|x64
		{823FF87E-57E7-4CFC-973A-7609F4CAA029}.Release|x86.ActiveCfg = Release|Win32
		{823FF87E-57E7-4CFC-973A-7609F4CAA029}.Release|x86.Build.0 = Release|Win32
		{29C8708A-5CC5-45AB-A90E-8AA34FFAF48A}.Debug|x64.ActiveCfg = Debug|x64
		{29C8708A-5CC5-45AB-A90E-8AA34FFAF48A}.Debug|x64.Build.0 = Debug|x64
		{29C8708A-5CC5-45AB-A90E-8AA34FFAF48A}.Debug|x86.ActiveCfg = Debug|Win32
		{29C8708A-5CC5-45AB-A90E-8AA34FFAF48A}.Debug|x86.Build.0 = Debug|Win32
		{29C8708A-5CC5-45AB-A90E-8AA34FFAF48A}.Release|x64.ActiveCfg = Release|x64
		{29C8708A-5CC5-45AB-A90E-8AA34FFAF48A}.Release|x64.Build.0 = Release|x64
		{29C8708A-5CC5-45AB-A90E-8AA34FFAF48A}.Release|x86.ActiveCfg = Release|Win32
		{29C8708A-5CC5-45AB-A90E-8AA34FFAF48A}.Release|x86.Build.0 = Release|Win32
		{DA7DAFCA-DC5A-408E-A925-E2F369BD15CB}.Debug|x64.ActiveCfg = Debug|x64
		{DA7DAFCA-DC5A-408E-A925-E2F369BD15CB}.Debug|x64.Build.0 = Debug|x64
		{DA7DAFCA-DC5A-408E-A925-E2F369BD15CB}.Debug|x86.ActiveCfg = Debug|Win32
		{DA7DAFCA-DC5A-408E-A925-E2F369BD15CB}.Debug|x86.Build.0 = Debug|Win32
		{DA7DAFCA-DC5A-408E-A925-E2F369BD15CB}.Release|x64.ActiveCfg = Release|x64
		{DA7DAFCA-DC5A-408E-A925-E2F369BD15CB}.Release|x64.Build.0 = Release|x64
		{DA7DAFCA-DC5A-408E-A925-E2F369BD15CB}.Release|x86.ActiveCfg = Release|Win32
		{DA7DAFCA-DC5A-408E-A925-E2F369BD15CB}.Release|x86.Build.0 = Release|Win32
		{F6F2A990-6A04-4597-AA85-7736D81CF462}.Debug|x64.ActiveCfg = Debug|x64
		{F6F2A990-6A04-4597-AA85-7736D81CF462}.Debug|x64.Build.0 = Debug|x64
		{F6F2A990-6A04-4597-AA85-7736D81CF462}.Debug|x86.ActiveCfg = Debug|Win32
		{F6F2A990-6A04-4597-AA85-7736D81CF462}.Debug|x86.Build.0 = Debug|Win32
		{F6F2A990-6A04-4597-AA85-7736D81CF462}.Release|x64.ActiveCfg = Release|x64
		{F6F2A990-6A04-4597-AA85-7736D81CF462}.Release|x64.Build.0 = Release|x64
		{F6F2A990-6A04-4597-AA85-7736D81CF462}.Release|x86.ActiveCfg = Release|Win32
		{F6F2A990-6A04-4597-AA85-7736D81CF462}.Release|x86.Build.0 = Release|Win32
		{AC22D7F3-4C86-41EC-AC04-D035F5723C3C}.Debug|x64.ActiveCfg = Debug|x64
		{AC22D7F3-4C86-41EC-AC04-D035F5723C3C}.Debug|x64.Build.0 = Debug|x64
		{AC22D7F3-4C86-41EC-AC04-D035F5723C3C}.Debug|x86.ActiveCfg = Debug|Win32
		{AC22D7F3-4C86-41EC-AC04-D035F5723C3C}.Debug|x86.Build.0 = Debug|Win32
		{AC22D7F3-4C86-41EC-AC04-D035F5723C3C}.Release|x64.ActiveCfg = Release|x64
		{AC22D7F3-4C86-41EC-AC04-D035F5723C3C}.Release|x64.Build.0 = Release|x64
		{AC22D7F3-4C86-41EC-AC04-D035F5723C3C}.Release|x86.ActiveCfg = Release|Win32
		{AC22D7F3-4C86-41EC-AC04-D035F5723C3C}.Release|x86.Build.0 = Release|Win32
		{6A2B50C2-1D8A-42B6-9D82-7B77B2497B48}.Debug|x64.ActiveCfg = Debug|x64
		{6A2B50C2-1D8A-42B6-9D82-7B77B2497B48}.Debug|x64.Build.0 = Debug|x64
		{6A2B50C2-1D8A-42B6-9D82-7B77B2497B48}.Debug|x86.ActiveCfg = Debug|Win32
		{6A2B50C2-1D8A-42B6-9D82-7B77B2497B48}.Debug|x86.Build.0 = Debug|Win32
		{6A2B50C2-1D8A-42B6-9D82-7B77B2497B48}.Release|x64.ActiveCfg = Release|x64
		{6A2B50C2-1D8A-42B6-9D82-7B77B2497B48}.Release|x64.Build.0 = Release|x64
		{6A2B50C2-1D8A-42B6-9D82-7B77B2497B48}.Release|x86.ActiveCfg = Release|Win32
		{6A2B50C2-1D8A-42B6-9D82-7B77B2497B48}.Release|x86.Build.0 = Release|Win32
		{665F002F-F29C-43D3-BDC1-270DD904BC92}.Debug|x64.ActiveCfg = Debug|x64
		{665F002F-F29C-43D3-BDC1-270DD904BC92}.Debug|x64.Build.0 = Debug|x64
		{665F002F-F29C-43D3-BDC1-270DD904BC92}.Debug|x86.ActiveCfg = Debug|Win32
		{665F002F-F29C-43D3-BDC1-270DD904BC92}.Debug|x86.Build.0 = Debug|Win32
		{665F002F-F29C-43D3-BDC1-270DD904BC92}.Release|x64.ActiveCfg = Release|x64
		{665F002F-F29C-43D3-BDC1-270DD904BC92}.Release|x64.Build.0 = Release|x64
		{665F002F-F29C-43D3-BDC1-270DD904BC92}.Release|x86.ActiveCfg = Release|Win32
		{665F002F-F29C-43D3-BDC1-270DD904BC92}.Release|x86.Build.0 = Release|Win32
		{61349A1D-D098-4BFA-80A1-66E89D2EF4C0}.Debug|x64.ActiveCfg = Debug|x64
		{61349A1D-D098-4BFA-80A1-66E89D2EF4C0}.Debug|x64.Build.0 = Debug|x64
		{61349A1D-D098-4BFA-80A1-66E89D2EF4C0}.Debug|x86.ActiveCfg = Debug|Win32
		{61349A1D-D098-4BFA-80A1-66E89D2EF4C0}.Debug|x86.Build.0 = Debug|Win32
		{61349A1D-D098-4BFA-80A1-66E89D2EF4C0}.Release|x64.ActiveCfg = Release|x64
		{61349A1D-D098-4BFA-80A1-66E89D2EF4C0}.Release|x64.Build.0 = Release|x64
		{61349A1D-D098-4BFA-80A1-66E89D2EF4C0}.Release|x86.ActiveCfg = Release|Win32
		{61349A1D-D098-4BFA-80A1-66E89D2EF4C0}.Release|x86.Build.0 = Release|Win32
		{8C0D333A-2221-49F1-B9FA-B130AAB9C791}.Debug|x64.ActiveCfg = Debug|x64
		{8C0D333A-2221-49F1-B9FA-B130AAB9C791}.Debug|x64.Build.0 = Debug|x64
		{8C0D333A-2221-49F1-B9FA-B130AAB9C791}.Debug|x86.ActiveCfg = Debug|Win32
		{8C0D333A-2221-49F1-B9FA-B130AAB9C791}.Debug|x86.Build.0 = Debug|Win32
		{8C0D333A-2221-49F1-B9FA-B130AAB9C791}.Release|x64.ActiveCfg = Release|x64
		{8C0D333A-2221-49F1-B9FA-B130AAB9C791}.Release|x64.Build.0 = Release|x64
		{8C0D333A-2221-49F1-B9FA-B130AAB9C791}.Release|x86.ActiveCfg = Release|Win32
		{8C0D333A-2221-49F1-B9FA-B130AAB9C791}.Release|x86.Build.0 = Release|Win32
		{86B6408A-EC80-4635-822D-84360453CF57}.Debug|x64.ActiveCfg = Debug|x64
		{86B6408A-EC80-4635-822D-84360453CF57}.Debug|x64.Build.0 = Debug|x64
		{86B6408A-EC80-4635-822D-84360453CF57}.Debug|x86.ActiveCfg = Debug|Win32
		{86B6408A-EC80-4635-822D-84360453CF57}.Debug|x86.Build.0 = Debug|Win32
		{86B6408A-EC80-4635-822D-84360453CF57}.Release|x64.ActiveCfg = Release|x64
		{86B6408A-EC80-4635-822D-84360453CF57}.Release|x64.Build.0 = Release|x64
		{86B6408A-EC80-4635-822D-84360453CF57}.Release|x86.ActiveCfg = Release|Win32
		{86B6408A-EC80-4635-822D-84360453CF57}.Release|x86.Build.0 = Release|Win32
		{AD9003EB-F20E-405C-B567-2AB325AE34E9}.Debug|x64.ActiveCfg = Debug|x64
		{AD9003EB-F20E-405C-B567-2AB325AE34E9}.Debug|x64.Build.0 = Debug|x64
		{AD9003EB-F20E-405C-B567-2AB325AE34E9}.Debug|x86.ActiveCfg = Debug|Win32
		{AD9003EB-F20E-405C-B567-2AB325AE34E9}.Debug|x86.Build.0 = Debug|Win32
		{AD9003EB-F20E-405C-B567-2AB325AE34E9}.Release|x64.ActiveCfg = Release|x64
		{AD9003EB-F20E-405C-B567-2AB325AE34E9}.Release|x64.Build.0 = Release|x64
		{AD9003EB-F20E-405C-B567-2AB325AE34E9}.Release|x86.ActiveCfg = Release|Win32
		{AD9003EB-F20E-405C-B567-2AB325AE34E9}.Release|x86.Build.0 = Release|Win32
		{1215D89B-C7E5-4AA4-BDC0-08435825C9E3}.Debug|x64.ActiveCfg = Debug|x64
		{1215D89B-C7E5-4AA4-BDC0-08435825C9E3}.Debug|x64.Build.0 = Debug|x64
		{1215D89B-C7E5-4AA4-BDC0-08435825C9E3}.Debug|x86.ActiveCfg = Debug|Win32
		{1215D89B-C7E5-4AA4-BDC0-08435825C9E3}.Debug|x86.Build.0 = Debug|Win32
		{1215D89B-C7E5-4AA4-BDC0-08435825C9E3}.Release|x64.ActiveCfg = Release|x64
		{1215D89B-C7E5-4AA4-BDC0-08435825C9E3}.Release|x64.Build.0 = Release|x64
		{1215D89B-C7E5-4AA4-BDC0-08435825C9E3}.Release|x86.ActiveCfg = Release|Win32
		{1215D89B-C7E5-4AA4-BDC0-08435825C9E3}.Release|x86.Build.0 = Release|Win32
	EndGlobalSection
	GlobalSection(SolutionProperties) = preSolution
		HideSolutionNode = FALSE
	EndGlobalSection
	GlobalSection(NestedProjects) = preSolution
		{963F4D3E-01ED-4380-8636-D95EC2E5BB66} = {A5ACA2DD-425B-4990-A2F2-0D08A5E6A12D}
		{79C9F8F5-109E-4534-98C2-0084285920E6} = {A5ACA2DD-425B-4990-A2F2-0D08A5E6A12D}
		{A5ACA2DD-425B-4990-A2F2-0D08A5E6A12D} = {D62ACD22-00E6-404C-878F-EFE8BC7E794A}
		{940B405E-7F46-4D52-A1C2-CCFE5924800F} = {D62ACD22-00E6-404C-878F-EFE8BC7E794A}
		{E83EA719-3532-41E3-B953-CAE260DEEB39} = {940B405E-7F46-4D52-A1C2-CCFE5924800F}
		{558EAFEF-A0D6-48EE-BE06-5540C0FB40E6} = {940B405E-7F46-4D52-A1C2-CCFE5924800F}
		{64982CC1-7EF0-4B9B-A928-A20FEDF78D7E} = {D62ACD22-00E6-404C-878F-EFE8BC7E794A}
		{B2CA71E7-D17B-4CA4-942B-7C9674782CD1} = {64982CC1-7EF0-4B9B-A928-A20FEDF78D7E}
		{43423085-49E3-492A-B2CC-D98D918D325E} = {D62ACD22-00E6-404C-878F-EFE8BC7E794A}
		{823FF87E-57E7-4CFC-973A-7609F4CAA029} = {64982CC1-7EF0-4B9B-A928-A20FEDF78D7E}
		{23B39872-8831-4379-8A26-D69885B2ADE1} = {D62ACD22-00E6-404C-878F-EFE8BC7E794A}
		{29C8708A-5CC5-45AB-A90E-8AA34FFAF48A} = {23B39872-8831-4379-8A26-D69885B2ADE1}
		{4394C7A6-FB4E-4B3A-8733-510A0E4B6A39} = {D62ACD22-00E6-404C-878F-EFE8BC7E794A}
		{DA7DAFCA-DC5A-408E-A925-E2F369BD15CB} = {4394C7A6-FB4E-4B3A-8733-510A0E4B6A39}
		{F46E5F5E-F1C2-4344-A9EE-A68BAEEF715D} = {D62ACD22-00E6-404C-878F-EFE8BC7E794A}
		{F6F2A990-6A04-4597-AA85-7736D81CF462} = {F46E5F5E-F1C2-4344-A9EE-A68BAEEF715D}
		{F24A3CA7-AFC9-461A-BD6E-8691F913D69E} = {D62ACD22-00E6-404C-878F-EFE8BC7E794A}
		{AC22D7F3-4C86-41EC-AC04-D035F5723C3C} = {F24A3CA7-AFC9-461A-BD6E-8691F913D69E}
		{2AB24882-D012-48A7-A61E-4B09A5D555DC} = {D62ACD22-00E6-404C-878F-EFE8BC7E794A}
		{6A2B50C2-1D8A-42B6-9D82-7B77B2497B48} = {2AB24882-D012-48A7-A61E-4B09A5D555DC}
		{665F002F-F29C-43D3-BDC1-270DD904BC92} = {43423085-49E3-492A-B2CC-D98D918D325E}
		{C6C07078-00B2-4D6B-B697-D1D49975AF48} = {9839C62F-7A11-4ED3-B3AF-85D3F41BCEA2}
		{61349A1D-D098-4BFA-80A1-66E89D2EF4C0} = {C6C07078-00B2-4D6B-B697-D1D49975AF48}
		{8C0D333A-2221-49F1-B9FA-B130AAB9C791} = {C6C07078-00B2-4D6B-B697-D1D49975AF48}
		{4613F169-CC5C-4FD2-9650-A5ED7DCFDE5C} = {9839C62F-7A11-4ED3-B3AF-85D3F41BCEA2}
		{86B6408A-EC80-4635-822D-84360453CF57} = {4613F169-CC5C-4FD2-9650-A5ED7DCFDE5C}
		{AD9003EB-F20E-405C-B567-2AB325AE34E9} = {4613F169-CC5C-4FD2-9650-A5ED7DCFDE5C}
		{55EA1842-A5BE-446D-9198-ADA04460403E} = {9839C62F-7A11-4ED3-B3AF-85D3F41BCEA2}
		{1215D89B-C7E5-4AA4-BDC0-08435825C9E3} = {55EA1842-A5BE-446D-9198-ADA04460403E}
	EndGlobalSection
	GlobalSection(ExtensibilityGlobals) = postSolution
		SolutionGuid = {E36200C7-7409-4082-9110-B2849E015B92}
	EndGlobalSection
EndGlobal
